github.com/kisielk/gotool v0.0.0-20170828042310-d6ce6262d87e h1:OfQkBrhCc1Ku7csN85dtn5jifvfyPvJSNn/+6oyHgJw=
github.com/kisielk/gotool v0.0.0-20170828042310-d6ce6262d87e/go.mod h1:jxZFDH7ILpTPQTk+E2s+z4CUas9lVNjIuKR4c5/zKgM=
golang.org/x/tools v0.0.0-20170827122053-1736caf17f29 h1:WAO+QYfGD+s+NnhRcyQFe/G+wYYT9nR0L9ZT+o/QLEs=
golang.org/x/tools v0.0.0-20170827122053-1736caf17f29/go.mod h1:n7NCudcB/nEzxVGmLbDWY5pfWTLqBcC2KZ6jyYvM4mQ=
